
Microsoft Visual Studio Solution File, Format Version 12.00
# Visual Studio Version 17
VisualStudioVersion = 17.8.34330.188
MinimumVisualStudioVersion = 10.0.40219.1
Project("{FAE04EC0-301F-11D3-BF4B-00C04F79EFBC}") = "LearningSystem", "WinFormsApp1\LearningSystem.csproj", "{14A2282E-C0AC-4BFC-85FB-5681E826C206}"
EndProject
Global
	GlobalSection(SolutionConfigurationPlatforms) = preSolution
		Debug|Any CPU = Debug|Any CPU
		Release|Any CPU = Release|Any CPU
	EndGlobalSection
	GlobalSection(ProjectConfigurationPlatforms) = postSolution
		{14A2282E-C0AC-4BFC-85FB-5681E826C206}.Debug|Any CPU.ActiveCfg = Debug|Any CPU
		{14A2282E-C0AC-4BFC-85FB-5681E826C206}.Debug|Any CPU.Build.0 = Debug|Any CPU
		{14A2282E-C0AC-4BFC-85FB-5681E826C206}.Release|Any CPU.ActiveCfg = Release|Any CPU
		{14A2282E-C0AC-4BFC-85FB-5681E826C206}.Release|Any CPU.Build.0 = Release|Any CPU
	EndGlobalSection
	GlobalSection(SolutionProperties) = preSolution
		HideSolutionNode = FALSE
	EndGlobalSection
	GlobalSection(ExtensibilityGlobals) = postSolution
		SolutionGuid = {7505184E-DC70-400F-806B-9A22B737D131}
	EndGlobalSection
EndGlobal
